
Microsoft Visual Studio Solution File, Format Version 12.00
# Visual Studio 15
VisualStudioVersion = 15.0.27520.0
MinimumVisualStudioVersion = 10.0.40219.1
Project("{FAE04EC0-301F-11D3-BF4B-00C04F79EFBC}") = "Do", "Do\Do.csproj", "{3C77C0BC-1A71-4D8C-AA68-797A4CEF3516}"
EndProject
Global
	GlobalSection(SolutionConfigurationPlatforms) = preSolution
		Debug|Any CPU = Debug|Any CPU
		Release|Any CPU = Release|Any CPU
	EndGlobalSection
	GlobalSection(ProjectConfigurationPlatforms) = postSolution
		{3C77C0BC-1A71-4D8C-AA68-797A4CEF3516}.Debug|Any CPU.ActiveCfg = Debug|Any CPU
		{3C77C0BC-1A71-4D8C-AA68-797A4CEF3516}.Debug|Any CPU.Build.0 = Debug|Any CPU
		{3C77C0BC-1A71-4D8C-AA68-797A4CEF3516}.Release|Any CPU.ActiveCfg = Release|Any CPU
		{3C77C0BC-1A71-4D8C-AA68-797A4CEF3516}.Release|Any CPU.Build.0 = Release|Any CPU
	EndGlobalSection
	GlobalSection(SolutionProperties) = preSolution
		HideSolutionNode = FALSE
	EndGlobalSection
	GlobalSection(ExtensibilityGlobals) = postSolution
		SolutionGuid = {FC455698-C4E6-4A50-A0C9-770147B5FF09}
	EndGlobalSection
EndGlobal
